
Microsoft Visual Studio Solution File, Format Version 12.00
# Visual Studio Version 16
VisualStudioVersion = 16.0.29509.3
MinimumVisualStudioVersion = 10.0.40219.1
Project("{FAE04EC0-301F-11D3-BF4B-00C04F79EFBC}") = "MvcJsonWebAPI_Clone", "MvcJsonWebAPI_Clone.csproj", "{42A33A3C-CA25-4349-AF4A-4E3BE783F495}"
EndProject
Global
	GlobalSection(SolutionConfigurationPlatforms) = preSolution
		Debug|Any CPU = Debug|Any CPU
		Release|Any CPU = Release|Any CPU
	EndGlobalSection
	GlobalSection(ProjectConfigurationPlatforms) = postSolution
		{42A33A3C-CA25-4349-AF4A-4E3BE783F495}.Debug|Any CPU.ActiveCfg = Debug|Any CPU
		{42A33A3C-CA25-4349-AF4A-4E3BE783F495}.Debug|Any CPU.Build.0 = Debug|Any CPU
		{42A33A3C-CA25-4349-AF4A-4E3BE783F495}.Release|Any CPU.ActiveCfg = Release|Any CPU
		{42A33A3C-CA25-4349-AF4A-4E3BE783F495}.Release|Any CPU.Build.0 = Release|Any CPU
	EndGlobalSection
	GlobalSection(SolutionProperties) = preSolution
		HideSolutionNode = FALSE
	EndGlobalSection
	GlobalSection(ExtensibilityGlobals) = postSolution
		SolutionGuid = {FE8D6DC9-9671-4B2F-8D17-C6684CAD9479}
	EndGlobalSection
EndGlobal
