
Microsoft Visual Studio Solution File, Format Version 12.00
# Visual Studio Version 16
VisualStudioVersion = 16.0.29509.3
MinimumVisualStudioVersion = 10.0.40219.1
Project("{FAE04EC0-301F-11D3-BF4B-00C04F79EFBC}") = "Mvc_IdentityUserRole", "Mvc_IdentityUserRole\Mvc_IdentityUserRole.csproj", "{653540AC-09AB-4924-9FB9-B27E79AAE70B}"
EndProject
Global
	GlobalSection(SolutionConfigurationPlatforms) = preSolution
		Debug|Any CPU = Debug|Any CPU
		Release|Any CPU = Release|Any CPU
	EndGlobalSection
	GlobalSection(ProjectConfigurationPlatforms) = postSolution
		{653540AC-09AB-4924-9FB9-B27E79AAE70B}.Debug|Any CPU.ActiveCfg = Debug|Any CPU
		{653540AC-09AB-4924-9FB9-B27E79AAE70B}.Debug|Any CPU.Build.0 = Debug|Any CPU
		{653540AC-09AB-4924-9FB9-B27E79AAE70B}.Release|Any CPU.ActiveCfg = Release|Any CPU
		{653540AC-09AB-4924-9FB9-B27E79AAE70B}.Release|Any CPU.Build.0 = Release|Any CPU
	EndGlobalSection
	GlobalSection(SolutionProperties) = preSolution
		HideSolutionNode = FALSE
	EndGlobalSection
	GlobalSection(ExtensibilityGlobals) = postSolution
		SolutionGuid = {F2138B13-7138-415B-B70C-7945B0C36A87}
	EndGlobalSection
EndGlobal
