
Microsoft Visual Studio Solution File, Format Version 12.00
# Visual Studio Version 16
VisualStudioVersion = 16.0.29509.3
MinimumVisualStudioVersion = 10.0.40219.1
Project("{FAE04EC0-301F-11D3-BF4B-00C04F79EFBC}") = "CodeFirstExistingDB", "CodeFirstExistingDB.csproj", "{368350B4-7D17-436A-A94D-FF501D7D42B0}"
EndProject
Global
	GlobalSection(SolutionConfigurationPlatforms) = preSolution
		Debug|Any CPU = Debug|Any CPU
		Release|Any CPU = Release|Any CPU
	EndGlobalSection
	GlobalSection(ProjectConfigurationPlatforms) = postSolution
		{368350B4-7D17-436A-A94D-FF501D7D42B0}.Debug|Any CPU.ActiveCfg = Debug|Any CPU
		{368350B4-7D17-436A-A94D-FF501D7D42B0}.Debug|Any CPU.Build.0 = Debug|Any CPU
		{368350B4-7D17-436A-A94D-FF501D7D42B0}.Release|Any CPU.ActiveCfg = Release|Any CPU
		{368350B4-7D17-436A-A94D-FF501D7D42B0}.Release|Any CPU.Build.0 = Release|Any CPU
	EndGlobalSection
	GlobalSection(SolutionProperties) = preSolution
		HideSolutionNode = FALSE
	EndGlobalSection
	GlobalSection(ExtensibilityGlobals) = postSolution
		SolutionGuid = {94215F38-A591-4BDB-8832-90464C6329E5}
	EndGlobalSection
EndGlobal
