
Microsoft Visual Studio Solution File, Format Version 12.00
# Visual Studio Version 16
VisualStudioVersion = 16.0.29509.3
MinimumVisualStudioVersion = 10.0.40219.1
Project("{FAE04EC0-301F-11D3-BF4B-00C04F79EFBC}") = "MvcCharting_Clone", "MvcCharting_Clone.csproj", "{697E59BB-122C-428B-A397-02A8DD81571A}"
EndProject
Global
	GlobalSection(SolutionConfigurationPlatforms) = preSolution
		Debug|Any CPU = Debug|Any CPU
		Release|Any CPU = Release|Any CPU
	EndGlobalSection
	GlobalSection(ProjectConfigurationPlatforms) = postSolution
		{697E59BB-122C-428B-A397-02A8DD81571A}.Debug|Any CPU.ActiveCfg = Debug|Any CPU
		{697E59BB-122C-428B-A397-02A8DD81571A}.Debug|Any CPU.Build.0 = Debug|Any CPU
		{697E59BB-122C-428B-A397-02A8DD81571A}.Release|Any CPU.ActiveCfg = Release|Any CPU
		{697E59BB-122C-428B-A397-02A8DD81571A}.Release|Any CPU.Build.0 = Release|Any CPU
	EndGlobalSection
	GlobalSection(SolutionProperties) = preSolution
		HideSolutionNode = FALSE
	EndGlobalSection
	GlobalSection(ExtensibilityGlobals) = postSolution
		SolutionGuid = {38231AB3-9098-4182-9040-BE9CD883EC50}
	EndGlobalSection
EndGlobal
