
Microsoft Visual Studio Solution File, Format Version 12.00
# Visual Studio 15
VisualStudioVersion = 15.0.27703.2042
MinimumVisualStudioVersion = 10.0.40219.1
Project("{FAE04EC0-301F-11D3-BF4B-00C04F79EFBC}") = "EF_CodeFirstNewDB", "EF_CodeFirstNewDB\EF_CodeFirstNewDB.csproj", "{BB7666B4-3048-48B7-A462-FF7B80239C03}"
EndProject
Global
	GlobalSection(SolutionConfigurationPlatforms) = preSolution
		Debug|Any CPU = Debug|Any CPU
		Release|Any CPU = Release|Any CPU
	EndGlobalSection
	GlobalSection(ProjectConfigurationPlatforms) = postSolution
		{BB7666B4-3048-48B7-A462-FF7B80239C03}.Debug|Any CPU.ActiveCfg = Debug|Any CPU
		{BB7666B4-3048-48B7-A462-FF7B80239C03}.Debug|Any CPU.Build.0 = Debug|Any CPU
		{BB7666B4-3048-48B7-A462-FF7B80239C03}.Release|Any CPU.ActiveCfg = Release|Any CPU
		{BB7666B4-3048-48B7-A462-FF7B80239C03}.Release|Any CPU.Build.0 = Release|Any CPU
	EndGlobalSection
	GlobalSection(SolutionProperties) = preSolution
		HideSolutionNode = FALSE
	EndGlobalSection
	GlobalSection(ExtensibilityGlobals) = postSolution
		SolutionGuid = {2CC73003-0102-423D-803A-31281D9E383C}
	EndGlobalSection
EndGlobal
