
Microsoft Visual Studio Solution File, Format Version 12.00
# Visual Studio Version 16
VisualStudioVersion = 16.0.29509.3
MinimumVisualStudioVersion = 10.0.40219.1
Project("{FAE04EC0-301F-11D3-BF4B-00C04F79EFBC}") = "MvcShoppingCart_Clone", "MvcShoppingCart_Clone.csproj", "{8CB9236E-6368-4A61-BDD8-BBEB6EAFC0BF}"
EndProject
Global
	GlobalSection(SolutionConfigurationPlatforms) = preSolution
		Debug|Any CPU = Debug|Any CPU
		Release|Any CPU = Release|Any CPU
	EndGlobalSection
	GlobalSection(ProjectConfigurationPlatforms) = postSolution
		{8CB9236E-6368-4A61-BDD8-BBEB6EAFC0BF}.Debug|Any CPU.ActiveCfg = Debug|Any CPU
		{8CB9236E-6368-4A61-BDD8-BBEB6EAFC0BF}.Debug|Any CPU.Build.0 = Debug|Any CPU
		{8CB9236E-6368-4A61-BDD8-BBEB6EAFC0BF}.Release|Any CPU.ActiveCfg = Release|Any CPU
		{8CB9236E-6368-4A61-BDD8-BBEB6EAFC0BF}.Release|Any CPU.Build.0 = Release|Any CPU
	EndGlobalSection
	GlobalSection(SolutionProperties) = preSolution
		HideSolutionNode = FALSE
	EndGlobalSection
	GlobalSection(ExtensibilityGlobals) = postSolution
		SolutionGuid = {6FF3E966-EA08-4565-9C89-3602E0C112F4}
	EndGlobalSection
EndGlobal
