
Microsoft Visual Studio Solution File, Format Version 12.00
# Visual Studio Version 16
VisualStudioVersion = 16.0.29509.3
MinimumVisualStudioVersion = 10.0.40219.1
Project("{FAE04EC0-301F-11D3-BF4B-00C04F79EFBC}") = "MvcIdentityUserRole_Clone", "MvcIdentityUserRole_Clone.csproj", "{4AB21384-BB71-4CA4-9C3D-304FA2A02859}"
EndProject
Global
	GlobalSection(SolutionConfigurationPlatforms) = preSolution
		Debug|Any CPU = Debug|Any CPU
		Release|Any CPU = Release|Any CPU
	EndGlobalSection
	GlobalSection(ProjectConfigurationPlatforms) = postSolution
		{4AB21384-BB71-4CA4-9C3D-304FA2A02859}.Debug|Any CPU.ActiveCfg = Debug|Any CPU
		{4AB21384-BB71-4CA4-9C3D-304FA2A02859}.Debug|Any CPU.Build.0 = Debug|Any CPU
		{4AB21384-BB71-4CA4-9C3D-304FA2A02859}.Release|Any CPU.ActiveCfg = Release|Any CPU
		{4AB21384-BB71-4CA4-9C3D-304FA2A02859}.Release|Any CPU.Build.0 = Release|Any CPU
	EndGlobalSection
	GlobalSection(SolutionProperties) = preSolution
		HideSolutionNode = FALSE
	EndGlobalSection
	GlobalSection(ExtensibilityGlobals) = postSolution
		SolutionGuid = {BC9DA36A-43F1-4929-BBC3-E255D240A268}
	EndGlobalSection
EndGlobal
