
Microsoft Visual Studio Solution File, Format Version 12.00
# Visual Studio Version 16
VisualStudioVersion = 16.0.28922.388
MinimumVisualStudioVersion = 10.0.40219.1
Project("{FAE04EC0-301F-11D3-BF4B-00C04F79EFBC}") = "DashboardChart", "DashboardChart\DashboardChart.csproj", "{012DCA9D-4076-477D-9910-0BED5B0E9CE7}"
EndProject
Global
	GlobalSection(SolutionConfigurationPlatforms) = preSolution
		Debug|Any CPU = Debug|Any CPU
		Release|Any CPU = Release|Any CPU
	EndGlobalSection
	GlobalSection(ProjectConfigurationPlatforms) = postSolution
		{012DCA9D-4076-477D-9910-0BED5B0E9CE7}.Debug|Any CPU.ActiveCfg = Debug|Any CPU
		{012DCA9D-4076-477D-9910-0BED5B0E9CE7}.Debug|Any CPU.Build.0 = Debug|Any CPU
		{012DCA9D-4076-477D-9910-0BED5B0E9CE7}.Release|Any CPU.ActiveCfg = Release|Any CPU
		{012DCA9D-4076-477D-9910-0BED5B0E9CE7}.Release|Any CPU.Build.0 = Release|Any CPU
	EndGlobalSection
	GlobalSection(SolutionProperties) = preSolution
		HideSolutionNode = FALSE
	EndGlobalSection
	GlobalSection(ExtensibilityGlobals) = postSolution
		SolutionGuid = {240C3A31-591D-465E-8420-00FD4864DC11}
	EndGlobalSection
EndGlobal
